
Microsoft Visual Studio Solution File, Format Version 12.00
# Visual Studio Version 16
VisualStudioVersion = 16.0.30804.86
MinimumVisualStudioVersion = 10.0.40219.1
Project("{FAE04EC0-301F-11D3-BF4B-00C04F79EFBC}") = "MyFavoriteThings", "MyFavoriteThings\MyFavoriteThings.csproj", "{DAD87533-F613-4688-A422-8B1E7B2BE91D}"
EndProject
Global
	GlobalSection(SolutionConfigurationPlatforms) = preSolution
		Debug|Any CPU = Debug|Any CPU
		Release|Any CPU = Release|Any CPU
	EndGlobalSection
	GlobalSection(ProjectConfigurationPlatforms) = postSolution
		{DAD87533-F613-4688-A422-8B1E7B2BE91D}.Debug|Any CPU.ActiveCfg = Debug|Any CPU
		{DAD87533-F613-4688-A422-8B1E7B2BE91D}.Debug|Any CPU.Build.0 = Debug|Any CPU
		{DAD87533-F613-4688-A422-8B1E7B2BE91D}.Release|Any CPU.ActiveCfg = Release|Any CPU
		{DAD87533-F613-4688-A422-8B1E7B2BE91D}.Release|Any CPU.Build.0 = Release|Any CPU
	EndGlobalSection
	GlobalSection(SolutionProperties) = preSolution
		HideSolutionNode = FALSE
	EndGlobalSection
	GlobalSection(ExtensibilityGlobals) = postSolution
		SolutionGuid = {4FDBB926-940A-491D-B5CA-81D39B401B86}
	EndGlobalSection
EndGlobal
